
Microsoft Visual Studio Solution File, Format Version 12.00
# Visual Studio Version 17
VisualStudioVersion = 17.1.32210.238
MinimumVisualStudioVersion = 10.0.40219.1
Project("{9A19103F-16F7-4668-BE54-9A1E7A4F7556}") = "Masa.Blazor.Custom", "Masa.Blazor.Custom.csproj", "{3C63B104-50B9-4967-BA25-769D2025638E}"
EndProject
Global
	GlobalSection(SolutionConfigurationPlatforms) = preSolution
		Debug|Any CPU = Debug|Any CPU
		Release|Any CPU = Release|Any CPU
	EndGlobalSection
	GlobalSection(ProjectConfigurationPlatforms) = postSolution
		{3C63B104-50B9-4967-BA25-769D2025638E}.Debug|Any CPU.ActiveCfg = Debug|Any CPU
		{3C63B104-50B9-4967-BA25-769D2025638E}.Debug|Any CPU.Build.0 = Debug|Any CPU
		{3C63B104-50B9-4967-BA25-769D2025638E}.Release|Any CPU.ActiveCfg = Release|Any CPU
		{3C63B104-50B9-4967-BA25-769D2025638E}.Release|Any CPU.Build.0 = Release|Any CPU
	EndGlobalSection
	GlobalSection(SolutionProperties) = preSolution
		HideSolutionNode = FALSE
	EndGlobalSection
	GlobalSection(ExtensibilityGlobals) = postSolution
		SolutionGuid = {B8893BB5-8B33-4C6C-B7B7-316F2B57C46A}
	EndGlobalSection
EndGlobal
